
Microsoft Visual Studio Solution File, Format Version 12.00
# Visual Studio Version 17
VisualStudioVersion = 17.3.32929.385
MinimumVisualStudioVersion = 10.0.40219.1
Project("{9A19103F-16F7-4668-BE54-9A1E7A4F7556}") = "Prodaja karata za gradski prijevoz", "Prodaja karata za gradski prijevoz\Prodaja karata za gradski prijevoz.csproj", "{66D0C8F9-24B4-4861-96F5-683C2FD0B4BA}"
EndProject
Project("{9A19103F-16F7-4668-BE54-9A1E7A4F7556}") = "Domain", "Domain\Domain.csproj", "{D2589BBA-5CE7-4336-BC90-98EE627EE080}"
EndProject
Project("{9A19103F-16F7-4668-BE54-9A1E7A4F7556}") = "Application", "Application\Application.csproj", "{6752C96B-4E11-4112-82E5-4EAFA012AB49}"
EndProject
Project("{9A19103F-16F7-4668-BE54-9A1E7A4F7556}") = "Infrastructure", "Infrastructure\Infrastructure.csproj", "{4EDA7019-F335-419D-AA4E-D660B5414317}"
EndProject
Project("{2150E333-8FDC-42A3-9474-1A3956D46DE8}") = "Core", "Core", "{E8C008B8-FFE7-4729-AD6E-5D87F2237CF0}"
EndProject
Project("{2150E333-8FDC-42A3-9474-1A3956D46DE8}") = "External", "External", "{A84794DF-D4FC-4E7C-AC39-DE1613FEC341}"
EndProject
Project("{9A19103F-16F7-4668-BE54-9A1E7A4F7556}") = "Presentation", "Presentation\Presentation.csproj", "{E5CA96CD-5B33-486D-AB00-C34F4824CBA4}"
EndProject
Project("{2150E333-8FDC-42A3-9474-1A3956D46DE8}") = "Tests", "Tests", "{9AB1461C-D607-41F5-8438-0DE301730F6F}"
EndProject
Project("{9A19103F-16F7-4668-BE54-9A1E7A4F7556}") = "UnitTests", "UnitTests\UnitTests.csproj", "{8272FB25-ACB0-47F7-BA95-D68F2D2AE89F}"
EndProject
Project("{2150E333-8FDC-42A3-9474-1A3956D46DE8}") = "Identity", "Identity", "{4B5FA650-209F-46A1-9215-690B069A6072}"
EndProject
Project("{FAE04EC0-301F-11D3-BF4B-00C04F79EFBC}") = "IdentityServer", "IdentityServer\IdentityServer.csproj", "{24E32E43-3679-42FC-8CE1-15608DBDBDF3}"
EndProject
Global
	GlobalSection(SolutionConfigurationPlatforms) = preSolution
		Debug|Any CPU = Debug|Any CPU
		Release|Any CPU = Release|Any CPU
	EndGlobalSection
	GlobalSection(ProjectConfigurationPlatforms) = postSolution
		{66D0C8F9-24B4-4861-96F5-683C2FD0B4BA}.Debug|Any CPU.ActiveCfg = Debug|Any CPU
		{66D0C8F9-24B4-4861-96F5-683C2FD0B4BA}.Debug|Any CPU.Build.0 = Debug|Any CPU
		{66D0C8F9-24B4-4861-96F5-683C2FD0B4BA}.Release|Any CPU.ActiveCfg = Release|Any CPU
		{66D0C8F9-24B4-4861-96F5-683C2FD0B4BA}.Release|Any CPU.Build.0 = Release|Any CPU
		{D2589BBA-5CE7-4336-BC90-98EE627EE080}.Debug|Any CPU.ActiveCfg = Debug|Any CPU
		{D2589BBA-5CE7-4336-BC90-98EE627EE080}.Debug|Any CPU.Build.0 = Debug|Any CPU
		{D2589BBA-5CE7-4336-BC90-98EE627EE080}.Release|Any CPU.ActiveCfg = Release|Any CPU
		{D2589BBA-5CE7-4336-BC90-98EE627EE080}.Release|Any CPU.Build.0 = Release|Any CPU
		{6752C96B-4E11-4112-82E5-4EAFA012AB49}.Debug|Any CPU.ActiveCfg = Debug|Any CPU
		{6752C96B-4E11-4112-82E5-4EAFA012AB49}.Debug|Any CPU.Build.0 = Debug|Any CPU
		{6752C96B-4E11-4112-82E5-4EAFA012AB49}.Release|Any CPU.ActiveCfg = Release|Any CPU
		{6752C96B-4E11-4112-82E5-4EAFA012AB49}.Release|Any CPU.Build.0 = Release|Any CPU
		{4EDA7019-F335-419D-AA4E-D660B5414317}.Debug|Any CPU.ActiveCfg = Debug|Any CPU
		{4EDA7019-F335-419D-AA4E-D660B5414317}.Debug|Any CPU.Build.0 = Debug|Any CPU
		{4EDA7019-F335-419D-AA4E-D660B5414317}.Release|Any CPU.ActiveCfg = Release|Any CPU
		{4EDA7019-F335-419D-AA4E-D660B5414317}.Release|Any CPU.Build.0 = Release|Any CPU
		{E5CA96CD-5B33-486D-AB00-C34F4824CBA4}.Debug|Any CPU.ActiveCfg = Debug|Any CPU
		{E5CA96CD-5B33-486D-AB00-C34F4824CBA4}.Debug|Any CPU.Build.0 = Debug|Any CPU
		{E5CA96CD-5B33-486D-AB00-C34F4824CBA4}.Release|Any CPU.ActiveCfg = Release|Any CPU
		{E5CA96CD-5B33-486D-AB00-C34F4824CBA4}.Release|Any CPU.Build.0 = Release|Any CPU
		{8272FB25-ACB0-47F7-BA95-D68F2D2AE89F}.Debug|Any CPU.ActiveCfg = Debug|Any CPU
		{8272FB25-ACB0-47F7-BA95-D68F2D2AE89F}.Debug|Any CPU.Build.0 = Debug|Any CPU
		{8272FB25-ACB0-47F7-BA95-D68F2D2AE89F}.Release|Any CPU.ActiveCfg = Release|Any CPU
		{8272FB25-ACB0-47F7-BA95-D68F2D2AE89F}.Release|Any CPU.Build.0 = Release|Any CPU
		{24E32E43-3679-42FC-8CE1-15608DBDBDF3}.Debug|Any CPU.ActiveCfg = Debug|Any CPU
		{24E32E43-3679-42FC-8CE1-15608DBDBDF3}.Debug|Any CPU.Build.0 = Debug|Any CPU
		{24E32E43-3679-42FC-8CE1-15608DBDBDF3}.Release|Any CPU.ActiveCfg = Release|Any CPU
		{24E32E43-3679-42FC-8CE1-15608DBDBDF3}.Release|Any CPU.Build.0 = Release|Any CPU
	EndGlobalSection
	GlobalSection(SolutionProperties) = preSolution
		HideSolutionNode = FALSE
	EndGlobalSection
	GlobalSection(NestedProjects) = preSolution
		{D2589BBA-5CE7-4336-BC90-98EE627EE080} = {E8C008B8-FFE7-4729-AD6E-5D87F2237CF0}
		{6752C96B-4E11-4112-82E5-4EAFA012AB49} = {E8C008B8-FFE7-4729-AD6E-5D87F2237CF0}
		{4EDA7019-F335-419D-AA4E-D660B5414317} = {A84794DF-D4FC-4E7C-AC39-DE1613FEC341}
		{E5CA96CD-5B33-486D-AB00-C34F4824CBA4} = {A84794DF-D4FC-4E7C-AC39-DE1613FEC341}
		{8272FB25-ACB0-47F7-BA95-D68F2D2AE89F} = {9AB1461C-D607-41F5-8438-0DE301730F6F}
		{24E32E43-3679-42FC-8CE1-15608DBDBDF3} = {4B5FA650-209F-46A1-9215-690B069A6072}
	EndGlobalSection
	GlobalSection(ExtensibilityGlobals) = postSolution
		SolutionGuid = {1E08B10A-E767-4A2A-A720-5C48B807DDF1}
	EndGlobalSection
EndGlobal
